
Microsoft Visual Studio Solution File, Format Version 12.00
# Visual Studio Version 16
VisualStudioVersion = 16.0.30907.101
MinimumVisualStudioVersion = 10.0.40219.1
Project("{FAE04EC0-301F-11D3-BF4B-00C04F79EFBC}") = "mp3Uniter", "mp3Uniter\mp3Uniter.csproj", "{16ACEB24-E389-4596-B47F-6F5B8289F475}"
EndProject
Global
	GlobalSection(SolutionConfigurationPlatforms) = preSolution
		Debug|Any CPU = Debug|Any CPU
		Release|Any CPU = Release|Any CPU
	EndGlobalSection
	GlobalSection(ProjectConfigurationPlatforms) = postSolution
		{16ACEB24-E389-4596-B47F-6F5B8289F475}.Debug|Any CPU.ActiveCfg = Debug|Any CPU
		{16ACEB24-E389-4596-B47F-6F5B8289F475}.Debug|Any CPU.Build.0 = Debug|Any CPU
		{16ACEB24-E389-4596-B47F-6F5B8289F475}.Release|Any CPU.ActiveCfg = Release|Any CPU
		{16ACEB24-E389-4596-B47F-6F5B8289F475}.Release|Any CPU.Build.0 = Release|Any CPU
	EndGlobalSection
	GlobalSection(SolutionProperties) = preSolution
		HideSolutionNode = FALSE
	EndGlobalSection
	GlobalSection(ExtensibilityGlobals) = postSolution
		SolutionGuid = {D1D90D17-1525-4A25-BF52-9453C96A2A0F}
	EndGlobalSection
EndGlobal
